// !$*UTF8*$!
{
	archiveVersion = 1;
	classes = {
	};
	objectVersion = 48;
	objects = {

/* Begin PBXBuildFile section */
		FBDD41FF1FD6B47F005AA572 /* AppDelegate.swift in Sources */ = {isa = PBXBuildFile; fileRef = FBDD41FE1FD6B47F005AA572 /* AppDelegate.swift */; };
		FBDD42011FD6B47F005AA572 /* ViewController.swift in Sources */ = {isa = PBXBuildFile; fileRef = FBDD42001FD6B47F005AA572 /* ViewController.swift */; };
		FBDD42041FD6B47F005AA572 /* Main.storyboard in Resources */ = {isa = PBXBuildFile; fileRef = FBDD42021FD6B47F005AA572 /* Main.storyboard */; };
		FBDD42061FD6B47F005AA572 /* Assets.xcassets in Resources */ = {isa = PBXBuildFile; fileRef = FBDD42051FD6B47F005AA572 /* Assets.xcassets */; };
		FBDD42091FD6B47F005AA572 /* LaunchScreen.storyboard in Resources */ = {isa = PBXBuildFile; fileRef = FBDD42071FD6B47F005AA572 /* LaunchScreen.storyboard */; };
		FBDD42141FD6B47F005AA572 /* app_swooshTests.swift in Sources */ = {isa = PBXBuildFile; fileRef = FBDD42131FD6B47F005AA572 /* app_swooshTests.swift */; };
		FBDD421F1FD6B47F005AA572 /* app_swooshUITests.swift in Sources */ = {isa = PBXBuildFile; fileRef = FBDD421E1FD6B47F005AA572 /* app_swooshUITests.swift */; };
		FBDD422E1FD6BA26005AA572 /* BorderButton.swift in Sources */ = {isa = PBXBuildFile; fileRef = FBDD422D1FD6BA26005AA572 /* BorderButton.swift */; };
/* End PBXBuildFile section */

/* Begin PBXContainerItemProxy section */
		FBDD42101FD6B47F005AA572 /* PBXContainerItemProxy */ = {
			isa = PBXContainerItemProxy;
			containerPortal = FBDD41F31FD6B47F005AA572 /* Project object */;
			proxyType = 1;
			remoteGlobalIDString = FBDD41FA1FD6B47F005AA572;
			remoteInfo = "app-swoosh";
		};
		FBDD421B1FD6B47F005AA572 /* PBXContainerItemProxy */ = {
			isa = PBXContainerItemProxy;
			containerPortal = FBDD41F31FD6B47F005AA572 /* Project object */;
			proxyType = 1;
			remoteGlobalIDString = FBDD41FA1FD6B47F005AA572;
			remoteInfo = "app-swoosh";
		};
/* End PBXContainerItemProxy section */

/* Begin PBXFileReference section */
		FBDD41FB1FD6B47F005AA572 /* app-swoosh.app */ = {isa = PBXFileReference; explicitFileType = wrapper.application; includeInIndex = 0; path = "app-swoosh.app"; sourceTree = BUILT_PRODUCTS_DIR; };
		FBDD41FE1FD6B47F005AA572 /* AppDelegate.swift */ = {isa = PBXFileReference; lastKnownFileType = sourcecode.swift; path = AppDelegate.swift; sourceTree = "<group>"; };
		FBDD42001FD6B47F005AA572 /* ViewController.swift */ = {isa = PBXFileReference; lastKnownFileType = sourcecode.swift; path = ViewController.swift; sourceTree = "<group>"; };
		FBDD42031FD6B47F005AA572 /* Base */ = {isa = PBXFileReference; lastKnownFileType = file.storyboard; name = Base; path = Base.lproj/Main.storyboard; sourceTree = "<group>"; };
		FBDD42051FD6B47F005AA572 /* Assets.xcassets */ = {isa = PBXFileReference; lastKnownFileType = folder.assetcatalog; path = Assets.xcassets; sourceTree = "<group>"; };
		FBDD42081FD6B47F005AA572 /* Base */ = {isa = PBXFileReference; lastKnownFileType = file.storyboard; name = Base; path = Base.lproj/LaunchScreen.storyboard; sourceTree = "<group>"; };
		FBDD420A1FD6B47F005AA572 /* Info.plist */ = {isa = PBXFileReference; lastKnownFileType = text.plist.xml; path = Info.plist; sourceTree = "<group>"; };
		FBDD420F1FD6B47F005AA572 /* app-swooshTests.xctest */ = {isa = PBXFileReference; explicitFileType = wrapper.cfbundle; includeInIndex = 0; path = "app-swooshTests.xctest"; sourceTree = BUILT_PRODUCTS_DIR; };
		FBDD42131FD6B47F005AA572 /* app_swooshTests.swift */ = {isa = PBXFileReference; lastKnownFileType = sourcecode.swift; path = app_swooshTests.swift; sourceTree = "<group>"; };
		FBDD42151FD6B47F005AA572 /* Info.plist */ = {isa = PBXFileReference; lastKnownFileType = text.plist.xml; path = Info.plist; sourceTree = "<group>"; };
		FBDD421A1FD6B47F005AA572 /* app-swooshUITests.xctest */ = {isa = PBXFileReference; explicitFileType = wrapper.cfbundle; includeInIndex = 0; path = "app-swooshUITests.xctest"; sourceTree = BUILT_PRODUCTS_DIR; };
		FBDD421E1FD6B47F005AA572 /* app_swooshUITests.swift */ = {isa = PBXFileReference; lastKnownFileType = sourcecode.swift; path = app_swooshUITests.swift; sourceTree = "<group>"; };
		FBDD42201FD6B47F005AA572 /* Info.plist */ = {isa = PBXFileReference; lastKnownFileType = text.plist.xml; path = Info.plist; sourceTree = "<group>"; };
		FBDD422D1FD6BA26005AA572 /* BorderButton.swift */ = {isa = PBXFileReference; lastKnownFileType = sourcecode.swift; path = BorderButton.swift; sourceTree = "<group>"; };
/* End PBXFileReference section */

/* Begin PBXFrameworksBuildPhase section */
		FBDD41F81FD6B47F005AA572 /* Frameworks */ = {
			isa = PBXFrameworksBuildPhase;
			buildActionMask = 2147483647;
			files = (
			);
			runOnlyForDeploymentPostprocessing = 0;
		};
		FBDD420C1FD6B47F005AA572 /* Frameworks */ = {
			isa = PBXFrameworksBuildPhase;
			buildActionMask = 2147483647;
			files = (
			);
			runOnlyForDeploymentPostprocessing = 0;
		};
		FBDD42171FD6B47F005AA572 /* Frameworks */ = {
			isa = PBXFrameworksBuildPhase;
			buildActionMask = 2147483647;
			files = (
			);
			runOnlyForDeploymentPostprocessing = 0;
		};
/* End PBXFrameworksBuildPhase section */

/* Begin PBXGroup section */
		FBDD41F21FD6B47F005AA572 = {
			isa = PBXGroup;
			children = (
				FBDD41FD1FD6B47F005AA572 /* app-swoosh */,
				FBDD42121FD6B47F005AA572 /* app-swooshTests */,
				FBDD421D1FD6B47F005AA572 /* app-swooshUITests */,
				FBDD41FC1FD6B47F005AA572 /* Products */,
			);
			sourceTree = "<group>";
		};
		FBDD41FC1FD6B47F005AA572 /* Products */ = {
			isa = PBXGroup;
			children = (
				FBDD41FB1FD6B47F005AA572 /* app-swoosh.app */,
				FBDD420F1FD6B47F005AA572 /* app-swooshTests.xctest */,
				FBDD421A1FD6B47F005AA572 /* app-swooshUITests.xctest */,
			);
			name = Products;
			sourceTree = "<group>";
		};
		FBDD41FD1FD6B47F005AA572 /* app-swoosh */ = {
			isa = PBXGroup;
			children = (
				FBDD422C1FD6B9EB005AA572 /* Views */,
				FBDD41FE1FD6B47F005AA572 /* AppDelegate.swift */,
				FBDD42001FD6B47F005AA572 /* ViewController.swift */,
				FBDD42021FD6B47F005AA572 /* Main.storyboard */,
				FBDD42051FD6B47F005AA572 /* Assets.xcassets */,
				FBDD42071FD6B47F005AA572 /* LaunchScreen.storyboard */,
				FBDD420A1FD6B47F005AA572 /* Info.plist */,
			);
			path = "app-swoosh";
			sourceTree = "<group>";
		};
		FBDD42121FD6B47F005AA572 /* app-swooshTests */ = {
			isa = PBXGroup;
			children = (
				FBDD42131FD6B47F005AA572 /* app_swooshTests.swift */,
				FBDD42151FD6B47F005AA572 /* Info.plist */,
			);
			path = "app-swooshTests";
			sourceTree = "<group>";
		};
		FBDD421D1FD6B47F005AA572 /* app-swooshUITests */ = {
			isa = PBXGroup;
			children = (
				FBDD421E1FD6B47F005AA572 /* app_swooshUITests.swift */,
				FBDD42201FD6B47F005AA572 /* Info.plist */,
			);
			path = "app-swooshUITests";
			sourceTree = "<group>";
		};
		FBDD422C1FD6B9EB005AA572 /* Views */ = {
			isa = PBXGroup;
			children = (
				FBDD422D1FD6BA26005AA572 /* BorderButton.swift */,
			);
			path = Views;
			sourceTree = "<group>";
		};
/* End PBXGroup section */

/* Begin PBXNativeTarget section */
		FBDD41FA1FD6B47F005AA572 /* app-swoosh */ = {
			isa = PBXNativeTarget;
			buildConfigurationList = FBDD42231FD6B47F005AA572 /* Build configuration list for PBXNativeTarget "app-swoosh" */;
			buildPhases = (
				FBDD41F71FD6B47F005AA572 /* Sources */,
				FBDD41F81FD6B47F005AA572 /* Frameworks */,
				FBDD41F91FD6B47F005AA572 /* Resources */,
			);
			buildRules = (
			);
			dependencies = (
			);
			name = "app-swoosh";
			productName = "app-swoosh";
			productReference = FBDD41FB1FD6B47F005AA572 /* app-swoosh.app */;
			productType = "com.apple.product-type.application";
		};
		FBDD420E1FD6B47F005AA572 /* app-swooshTests */ = {
			isa = PBXNativeTarget;
			buildConfigurationList = FBDD42261FD6B47F005AA572 /* Build configuration list for PBXNativeTarget "app-swooshTests" */;
			buildPhases = (
				FBDD420B1FD6B47F005AA572 /* Sources */,
				FBDD420C1FD6B47F005AA572 /* Frameworks */,
				FBDD420D1FD6B47F005AA572 /* Resources */,
			);
			buildRules = (
			);
			dependencies = (
				FBDD42111FD6B47F005AA572 /* PBXTargetDependency */,
			);
			name = "app-swooshTests";
			productName = "app-swooshTests";
			productReference = FBDD420F1FD6B47F005AA572 /* app-swooshTests.xctest */;
			productType = "com.apple.product-type.bundle.unit-test";
		};
		FBDD42191FD6B47F005AA572 /* app-swooshUITests */ = {
			isa = PBXNativeTarget;
			buildConfigurationList = FBDD42291FD6B47F005AA572 /* Build configuration list for PBXNativeTarget "app-swooshUITests" */;
			buildPhases = (
				FBDD42161FD6B47F005AA572 /* Sources */,
				FBDD42171FD6B47F005AA572 /* Frameworks */,
				FBDD42181FD6B47F005AA572 /* Resources */,
			);
			buildRules = (
			);
			dependencies = (
				FBDD421C1FD6B47F005AA572 /* PBXTargetDependency */,
			);
			name = "app-swooshUITests";
			productName = "app-swooshUITests";
			productReference = FBDD421A1FD6B47F005AA572 /* app-swooshUITests.xctest */;
			productType = "com.apple.product-type.bundle.ui-testing";
		};
/* End PBXNativeTarget section */

/* Begin PBXProject section */
		FBDD41F31FD6B47F005AA572 /* Project object */ = {
			isa = PBXProject;
			attributes = {
				LastSwiftUpdateCheck = 0910;
				LastUpgradeCheck = 0910;
				ORGANIZATIONNAME = MDC;
				TargetAttributes = {
					FBDD41FA1FD6B47F005AA572 = {
						CreatedOnToolsVersion = 9.1;
						ProvisioningStyle = Automatic;
					};
					FBDD420E1FD6B47F005AA572 = {
						CreatedOnToolsVersion = 9.1;
						ProvisioningStyle = Automatic;
						TestTargetID = FBDD41FA1FD6B47F005AA572;
					};
					FBDD42191FD6B47F005AA572 = {
						CreatedOnToolsVersion = 9.1;
						ProvisioningStyle = Automatic;
						TestTargetID = FBDD41FA1FD6B47F005AA572;
					};
				};
			};
			buildConfigurationList = FBDD41F61FD6B47F005AA572 /* Build configuration list for PBXProject "app-swoosh" */;
			compatibilityVersion = "Xcode 8.0";
			developmentRegion = en;
			hasScannedForEncodings = 0;
			knownRegions = (
				en,
				Base,
			);
			mainGroup = FBDD41F21FD6B47F005AA572;
			productRefGroup = FBDD41FC1FD6B47F005AA572 /* Products */;
			projectDirPath = "";
			projectRoot = "";
			targets = (
				FBDD41FA1FD6B47F005AA572 /* app-swoosh */,
				FBDD420E1FD6B47F005AA572 /* app-swooshTests */,
				FBDD42191FD6B47F005AA572 /* app-swooshUITests */,
			);
		};
/* End PBXProject section */

/* Begin PBXResourcesBuildPhase section */
		FBDD41F91FD6B47F005AA572 /* Resources */ = {
			isa = PBXResourcesBuildPhase;
			buildActionMask = 2147483647;
			files = (
				FBDD42091FD6B47F005AA572 /* LaunchScreen.storyboard in Resources */,
				FBDD42061FD6B47F005AA572 /* Assets.xcassets in Resources */,
				FBDD42041FD6B47F005AA572 /* Main.storyboard in Resources */,
			);
			runOnlyForDeploymentPostprocessing = 0;
		};
		FBDD420D1FD6B47F005AA572 /* Resources */ = {
			isa = PBXResourcesBuildPhase;
			buildActionMask = 2147483647;
			files = (
			);
			runOnlyForDeploymentPostprocessing = 0;
		};
		FBDD42181FD6B47F005AA572 /* Resources */ = {
			isa = PBXResourcesBuildPhase;
			buildActionMask = 2147483647;
			files = (
			);
			runOnlyForDeploymentPostprocessing = 0;
		};
/* End PBXResourcesBuildPhase section */

/* Begin PBXSourcesBuildPhase section */
		FBDD41F71FD6B47F005AA572 /* Sources */ = {
			isa = PBXSourcesBuildPhase;
			buildActionMask = 2147483647;
			files = (
				FBDD42011FD6B47F005AA572 /* ViewController.swift in Sources */,
				FBDD41FF1FD6B47F005AA572 /* AppDelegate.swift in Sources */,
				FBDD422E1FD6BA26005AA572 /* BorderButton.swift in Sources */,
			);
			runOnlyForDeploymentPostprocessing = 0;
		};
		FBDD420B1FD6B47F005AA572 /* Sources */ = {
			isa = PBXSourcesBuildPhase;
			buildActionMask = 2147483647;
			files = (
				FBDD42141FD6B47F005AA572 /* app_swooshTests.swift in Sources */,
			);
			runOnlyForDeploymentPostprocessing = 0;
		};
		FBDD42161FD6B47F005AA572 /* Sources */ = {
			isa = PBXSourcesBuildPhase;
			buildActionMask = 2147483647;
			files = (
				FBDD421F1FD6B47F005AA572 /* app_swooshUITests.swift in Sources */,
			);
			runOnlyForDeploymentPostprocessing = 0;
		};
/* End PBXSourcesBuildPhase section */

/* Begin PBXTargetDependency section */
		FBDD42111FD6B47F005AA572 /* PBXTargetDependency */ = {
			isa = PBXTargetDependency;
			target = FBDD41FA1FD6B47F005AA572 /* app-swoosh */;
			targetProxy = FBDD42101FD6B47F005AA572 /* PBXContainerItemProxy */;
		};
		FBDD421C1FD6B47F005AA572 /* PBXTargetDependency */ = {
			isa = PBXTargetDependency;
			target = FBDD41FA1FD6B47F005AA572 /* app-swoosh */;
			targetProxy = FBDD421B1FD6B47F005AA572 /* PBXContainerItemProxy */;
		};
/* End PBXTargetDependency section */

/* Begin PBXVariantGroup section */
		FBDD42021FD6B47F005AA572 /* Main.storyboard */ = {
			isa = PBXVariantGroup;
			children = (
				FBDD42031FD6B47F005AA572 /* Base */,
			);
			name = Main.storyboard;
			sourceTree = "<group>";
		};
		FBDD42071FD6B47F005AA572 /* LaunchScreen.storyboard */ = {
			isa = PBXVariantGroup;
			children = (
				FBDD42081FD6B47F005AA572 /* Base */,
			);
			name = LaunchScreen.storyboard;
			sourceTree = "<group>";
		};
/* End PBXVariantGroup section */

/* Begin XCBuildConfiguration section */
		FBDD42211FD6B47F005AA572 /* Debug */ = {
			isa = XCBuildConfiguration;
			buildSettings = {
				ALWAYS_SEARCH_USER_PATHS = NO;
				CLANG_ANALYZER_NONNULL = YES;
				CLANG_ANALYZER_NUMBER_OBJECT_CONVERSION = YES_AGGRESSIVE;
				CLANG_CXX_LANGUAGE_STANDARD = "gnu++14";
				CLANG_CXX_LIBRARY = "libc++";
				CLANG_ENABLE_MODULES = YES;
				CLANG_ENABLE_OBJC_ARC = YES;
				CLANG_WARN_BLOCK_CAPTURE_AUTORELEASING = YES;
				CLANG_WARN_BOOL_CONVERSION = YES;
				CLANG_WARN_COMMA = YES;
				CLANG_WARN_CONSTANT_CONVERSION = YES;
				CLANG_WARN_DIRECT_OBJC_ISA_USAGE = YES_ERROR;
				CLANG_WARN_DOCUMENTATION_COMMENTS = YES;
				CLANG_WARN_EMPTY_BODY = YES;
				CLANG_WARN_ENUM_CONVERSION = YES;
				CLANG_WARN_INFINITE_RECURSION = YES;
				CLANG_WARN_INT_CONVERSION = YES;
				CLANG_WARN_NON_LITERAL_NULL_CONVERSION = YES;
				CLANG_WARN_OBJC_LITERAL_CONVERSION = YES;
				CLANG_WARN_OBJC_ROOT_CLASS = YES_ERROR;
				CLANG_WARN_RANGE_LOOP_ANALYSIS = YES;
				CLANG_WARN_STRICT_PROTOTYPES = YES;
				CLANG_WARN_SUSPICIOUS_MOVE = YES;
				CLANG_WARN_UNGUARDED_AVAILABILITY = YES_AGGRESSIVE;
				CLANG_WARN_UNREACHABLE_CODE = YES;
				CLANG_WARN__DUPLICATE_METHOD_MATCH = YES;
				CODE_SIGN_IDENTITY = "iPhone Developer";
				COPY_PHASE_STRIP = NO;
				DEBUG_INFORMATION_FORMAT = dwarf;
				ENABLE_STRICT_OBJC_MSGSEND = YES;
				ENABLE_TESTABILITY = YES;
				GCC_C_LANGUAGE_STANDARD = gnu11;
				GCC_DYNAMIC_NO_PIC = NO;
				GCC_NO_COMMON_BLOCKS = YES;
				GCC_OPTIMIZATION_LEVEL = 0;
				GCC_PREPROCESSOR_DEFINITIONS = (
					"DEBUG=1",
					"$(inherited)",
				);
				GCC_WARN_64_TO_32_BIT_CONVERSION = YES;
				GCC_WARN_ABOUT_RETURN_TYPE = YES_ERROR;
				GCC_WARN_UNDECLARED_SELECTOR = YES;
				GCC_WARN_UNINITIALIZED_AUTOS = YES_AGGRESSIVE;
				GCC_WARN_UNUSED_FUNCTION = YES;
				GCC_WARN_UNUSED_VARIABLE = YES;
				IPHONEOS_DEPLOYMENT_TARGET = 11.1;
				MTL_ENABLE_DEBUG_INFO = YES;
				ONLY_ACTIVE_ARCH = YES;
				SDKROOT = iphoneos;
				SWIFT_ACTIVE_COMPILATION_CONDITIONS = DEBUG;
				SWIFT_OPTIMIZATION_LEVEL = "-Onone";
			};
			name = Debug;
		};
		FBDD42221FD6B47F005AA572 /* Release */ = {
			isa = XCBuildConfiguration;
			buildSettings = {
				ALWAYS_SEARCH_USER_PATHS = NO;
				CLANG_ANALYZER_NONNULL = YES;
				CLANG_ANALYZER_NUMBER_OBJECT_CONVERSION = YES_AGGRESSIVE;
				CLANG_CXX_LANGUAGE_STANDARD = "gnu++14";
				CLANG_CXX_LIBRARY = "libc++";
				CLANG_ENABLE_MODULES = YES;
				CLANG_ENABLE_OBJC_ARC = YES;
				CLANG_WARN_BLOCK_CAPTURE_AUTORELEASING = YES;
				CLANG_WARN_BOOL_CONVERSION = YES;
				CLANG_WARN_COMMA = YES;
				CLANG_WARN_CONSTANT_CONVERSION = YES;
				CLANG_WARN_DIRECT_OBJC_ISA_USAGE = YES_ERROR;
				CLANG_WARN_DOCUMENTATION_COMMENTS = YES;
				CLANG_WARN_EMPTY_BODY = YES;
				CLANG_WARN_ENUM_CONVERSION = YES;
				CLANG_WARN_INFINITE_RECURSION = YES;
				CLANG_WARN_INT_CONVERSION = YES;
				CLANG_WARN_NON_LITERAL_NULL_CONVERSION = YES;
				CLANG_WARN_OBJC_LITERAL_CONVERSION = YES;
				CLANG_WARN_OBJC_ROOT_CLASS = YES_ERROR;
				CLANG_WARN_RANGE_LOOP_ANALYSIS = YES;
				CLANG_WARN_STRICT_PROTOTYPES = YES;
				CLANG_WARN_SUSPICIOUS_MOVE = YES;
				CLANG_WARN_UNGUARDED_AVAILABILITY = YES_AGGRESSIVE;
				CLANG_WARN_UNREACHABLE_CODE = YES;
				CLANG_WARN__DUPLICATE_METHOD_MATCH = YES;
				CODE_SIGN_IDENTITY = "iPhone Developer";
				COPY_PHASE_STRIP = NO;
				DEBUG_INFORMATION_FORMAT = "dwarf-with-dsym";
				ENABLE_NS_ASSERTIONS = NO;
				ENABLE_STRICT_OBJC_MSGSEND = YES;
				GCC_C_LANGUAGE_STANDARD = gnu11;
				GCC_NO_COMMON_BLOCKS = YES;
				GCC_WARN_64_TO_32_BIT_CONVERSION = YES;
				GCC_WARN_ABOUT_RETURN_TYPE = YES_ERROR;
				GCC_WARN_UNDECLARED_SELECTOR = YES;
				GCC_WARN_UNINITIALIZED_AUTOS = YES_AGGRESSIVE;
				GCC_WARN_UNUSED_FUNCTION = YES;
				GCC_WARN_UNUSED_VARIABLE = YES;
				IPHONEOS_DEPLOYMENT_TARGET = 11.1;
				MTL_ENABLE_DEBUG_INFO = NO;
				SDKROOT = iphoneos;
				SWIFT_OPTIMIZATION_LEVEL = "-Owholemodule";
				VALIDATE_PRODUCT = YES;
			};
			name = Release;
		};
		FBDD42241FD6B47F005AA572 /* Debug */ = {
			isa = XCBuildConfiguration;
			buildSettings = {
				ASSETCATALOG_COMPILER_APPICON_NAME = AppIcon;
				CODE_SIGN_STYLE = Automatic;
				DEVELOPMENT_TEAM = MJXG5CUUQ5;
				INFOPLIST_FILE = "app-swoosh/Info.plist";
				LD_RUNPATH_SEARCH_PATHS = "$(inherited) @executable_path/Frameworks";
				PRODUCT_BUNDLE_IDENTIFIER = "com.mdc.app-swoosh";
				PRODUCT_NAME = "$(TARGET_NAME)";
				SWIFT_VERSION = 4.0;
				TARGETED_DEVICE_FAMILY = "1,2";
			};
			name = Debug;
		};
		FBDD42251FD6B47F005AA572 /* Release */ = {
			isa = XCBuildConfiguration;
			buildSettings = {
				ASSETCATALOG_COMPILER_APPICON_NAME = AppIcon;
				CODE_SIGN_STYLE = Automatic;
				DEVELOPMENT_TEAM = MJXG5CUUQ5;
				INFOPLIST_FILE = "app-swoosh/Info.plist";
				LD_RUNPATH_SEARCH_PATHS = "$(inherited) @executable_path/Frameworks";
				PRODUCT_BUNDLE_IDENTIFIER = "com.mdc.app-swoosh";
				PRODUCT_NAME = "$(TARGET_NAME)";
				SWIFT_VERSION = 4.0;
				TARGETED_DEVICE_FAMILY = "1,2";
			};
			name = Release;
		};
		FBDD42271FD6B47F005AA572 /* Debug */ = {
			isa = XCBuildConfiguration;
			buildSettings = {
				ALWAYS_EMBED_SWIFT_STANDARD_LIBRARIES = YES;
				BUNDLE_LOADER = "$(TEST_HOST)";
				CODE_SIGN_STYLE = Automatic;
				DEVELOPMENT_TEAM = MJXG5CUUQ5;
				INFOPLIST_FILE = "app-swooshTests/Info.plist";
				LD_RUNPATH_SEARCH_PATHS = "$(inherited) @executable_path/Frameworks @loader_path/Frameworks";
				PRODUCT_BUNDLE_IDENTIFIER = "com.mdc.app-swooshTests";
				PRODUCT_NAME = "$(TARGET_NAME)";
				SWIFT_VERSION = 4.0;
				TARGETED_DEVICE_FAMILY = "1,2";
				TEST_HOST = "$(BUILT_PRODUCTS_DIR)/app-swoosh.app/app-swoosh";
			};
			name = Debug;
		};
		FBDD42281FD6B47F005AA572 /* Release */ = {
			isa = XCBuildConfiguration;
			buildSettings = {
				ALWAYS_EMBED_SWIFT_STANDARD_LIBRARIES = YES;
				BUNDLE_LOADER = "$(TEST_HOST)";
				CODE_SIGN_STYLE = Automatic;
				DEVELOPMENT_TEAM = MJXG5CUUQ5;
				INFOPLIST_FILE = "app-swooshTests/Info.plist";
				LD_RUNPATH_SEARCH_PATHS = "$(inherited) @executable_path/Frameworks @loader_path/Frameworks";
				PRODUCT_BUNDLE_IDENTIFIER = "com.mdc.app-swooshTests";
				PRODUCT_NAME = "$(TARGET_NAME)";
				SWIFT_VERSION = 4.0;
				TARGETED_DEVICE_FAMILY = "1,2";
				TEST_HOST = "$(BUILT_PRODUCTS_DIR)/app-swoosh.app/app-swoosh";
			};
			name = Release;
		};
		FBDD422A1FD6B47F005AA572 /* Debug */ = {
			isa = XCBuildConfiguration;
			buildSettings = {
				ALWAYS_EMBED_SWIFT_STANDARD_LIBRARIES = YES;
				CODE_SIGN_STYLE = Automatic;
				DEVELOPMENT_TEAM = MJXG5CUUQ5;
				INFOPLIST_FILE = "app-swooshUITests/Info.plist";
				LD_RUNPATH_SEARCH_PATHS = "$(inherited) @executable_path/Frameworks @loader_path/Frameworks";
				PRODUCT_BUNDLE_IDENTIFIER = "com.mdc.app-swooshUITests";
				PRODUCT_NAME = "$(TARGET_NAME)";
				SWIFT_VERSION = 4.0;
				TARGETED_DEVICE_FAMILY = "1,2";
				TEST_TARGET_NAME = "app-swoosh";
			};
			name = Debug;
		};
		FBDD422B1FD6B47F005AA572 /* Release */ = {
			isa = XCBuildConfiguration;
			buildSettings = {
				ALWAYS_EMBED_SWIFT_STANDARD_LIBRARIES = YES;
				CODE_SIGN_STYLE = Automatic;
				DEVELOPMENT_TEAM = MJXG5CUUQ5;
				INFOPLIST_FILE = "app-swooshUITests/Info.plist";
				LD_RUNPATH_SEARCH_PATHS = "$(inherited) @executable_path/Frameworks @loader_path/Frameworks";
				PRODUCT_BUNDLE_IDENTIFIER = "com.mdc.app-swooshUITests";
				PRODUCT_NAME = "$(TARGET_NAME)";
				SWIFT_VERSION = 4.0;
				TARGETED_DEVICE_FAMILY = "1,2";
				TEST_TARGET_NAME = "app-swoosh";
			};
			name = Release;
		};
/* End XCBuildConfiguration section */

/* Begin XCConfigurationList section */
		FBDD41F61FD6B47F005AA572 /* Build configuration list for PBXProject "app-swoosh" */ = {
			isa = XCConfigurationList;
			buildConfigurations = (
				FBDD42211FD6B47F005AA572 /* Debug */,
				FBDD42221FD6B47F005AA572 /* Release */,
			);
			defaultConfigurationIsVisible = 0;
			defaultConfigurationName = Release;
		};
		FBDD42231FD6B47F005AA572 /* Build configuration list for PBXNativeTarget "app-swoosh" */ = {
			isa = XCConfigurationList;
			buildConfigurations = (
				FBDD42241FD6B47F005AA572 /* Debug */,
				FBDD42251FD6B47F005AA572 /* Release */,
			);
			defaultConfigurationIsVisible = 0;
			defaultConfigurationName = Release;
		};
		FBDD42261FD6B47F005AA572 /* Build configuration list for PBXNativeTarget "app-swooshTests" */ = {
			isa = XCConfigurationList;
			buildConfigurations = (
				FBDD42271FD6B47F005AA572 /* Debug */,
				FBDD42281FD6B47F005AA572 /* Release */,
			);
			defaultConfigurationIsVisible = 0;
			defaultConfigurationName = Release;
		};
		FBDD42291FD6B47F005AA572 /* Build configuration list for PBXNativeTarget "app-swooshUITests" */ = {
			isa = XCConfigurationList;
			buildConfigurations = (
				FBDD422A1FD6B47F005AA572 /* Debug */,
				FBDD422B1FD6B47F005AA572 /* Release */,
			);
			defaultConfigurationIsVisible = 0;
			defaultConfigurationName = Release;
		};
/* End XCConfigurationList section */
	};
	rootObject = FBDD41F31FD6B47F005AA572 /* Project object */;
}
